// !$*UTF8*$!
{
	archiveVersion = 1;
	classes = {
	};
	objectVersion = 51;
	objects = {

/* Begin PBXBuildFile section */
		4671E1EA437E8E0135AA653D /* Pods_Parstagram.framework in Frameworks */ = {isa = PBXBuildFile; fileRef = 10773C527D8056437A313F65 /* Pods_Parstagram.framework */; };
		668BACB693F8562F9982BC37 /* Pods_ParstagramTests.framework in Frameworks */ = {isa = PBXBuildFile; fileRef = FEDC08EC75C2928FAEE29080 /* Pods_ParstagramTests.framework */; };
		6A736A0526059E1C00931B4F /* PostCell.swift in Sources */ = {isa = PBXBuildFile; fileRef = 6A736A0426059E1C00931B4F /* PostCell.swift */; };
		6AD8C898260432CF003F9050 /* AppDelegate.swift in Sources */ = {isa = PBXBuildFile; fileRef = 6AD8C897260432CF003F9050 /* AppDelegate.swift */; };
		6AD8C89A260432CF003F9050 /* SceneDelegate.swift in Sources */ = {isa = PBXBuildFile; fileRef = 6AD8C899260432CF003F9050 /* SceneDelegate.swift */; };
		6AD8C89F260432CF003F9050 /* Main.storyboard in Resources */ = {isa = PBXBuildFile; fileRef = 6AD8C89D260432CF003F9050 /* Main.storyboard */; };
		6AD8C8A1260432D5003F9050 /* Assets.xcassets in Resources */ = {isa = PBXBuildFile; fileRef = 6AD8C8A0260432D5003F9050 /* Assets.xcassets */; };
		6AD8C8A4260432D5003F9050 /* LaunchScreen.storyboard in Resources */ = {isa = PBXBuildFile; fileRef = 6AD8C8A2260432D5003F9050 /* LaunchScreen.storyboard */; };
		6AD8C8AF260432D6003F9050 /* ParstagramTests.swift in Sources */ = {isa = PBXBuildFile; fileRef = 6AD8C8AE260432D6003F9050 /* ParstagramTests.swift */; };
		6AD8C8BA260432D6003F9050 /* ParstagramUITests.swift in Sources */ = {isa = PBXBuildFile; fileRef = 6AD8C8B9260432D6003F9050 /* ParstagramUITests.swift */; };
		6AD8C8DA26043535003F9050 /* LoginViewController.swift in Sources */ = {isa = PBXBuildFile; fileRef = 6AD8C8D926043535003F9050 /* LoginViewController.swift */; };
		6AD8C8DF26043540003F9050 /* FeedViewController.swift in Sources */ = {isa = PBXBuildFile; fileRef = 6AD8C8DE26043540003F9050 /* FeedViewController.swift */; };
		6AD8C8E42605013B003F9050 /* CameraViewController.swift in Sources */ = {isa = PBXBuildFile; fileRef = 6AD8C8E32605013B003F9050 /* CameraViewController.swift */; };
		6AF339ED2612B89400527725 /* CommentCell.swift in Sources */ = {isa = PBXBuildFile; fileRef = 6AF339EC2612B89400527725 /* CommentCell.swift */; };
		BC6BB1EBA8E7FAD831823E78 /* Pods_Parstagram_ParstagramUITests.framework in Frameworks */ = {isa = PBXBuildFile; fileRef = E8DBBB5B830539FA6746696E /* Pods_Parstagram_ParstagramUITests.framework */; };
/* End PBXBuildFile section */

/* Begin PBXContainerItemProxy section */
		6AD8C8AB260432D6003F9050 /* PBXContainerItemProxy */ = {
			isa = PBXContainerItemProxy;
			containerPortal = 6AD8C88C260432CF003F9050 /* Project object */;
			proxyType = 1;
			remoteGlobalIDString = 6AD8C893260432CF003F9050;
			remoteInfo = Parstagram;
		};
		6AD8C8B6260432D6003F9050 /* PBXContainerItemProxy */ = {
			isa = PBXContainerItemProxy;
			containerPortal = 6AD8C88C260432CF003F9050 /* Project object */;
			proxyType = 1;
			remoteGlobalIDString = 6AD8C893260432CF003F9050;
			remoteInfo = Parstagram;
		};
/* End PBXContainerItemProxy section */

/* Begin PBXFileReference section */
		0585521EAB372A7903BC974F /* Pods-Parstagram-ParstagramUITests.debug.xcconfig */ = {isa = PBXFileReference; includeInIndex = 1; lastKnownFileType = text.xcconfig; name = "Pods-Parstagram-ParstagramUITests.debug.xcconfig"; path = "Target Support Files/Pods-Parstagram-ParstagramUITests/Pods-Parstagram-ParstagramUITests.debug.xcconfig"; sourceTree = "<group>"; };
		0ADA8C5A9FABC227205CA4FE /* Pods-Parstagram.debug.xcconfig */ = {isa = PBXFileReference; includeInIndex = 1; lastKnownFileType = text.xcconfig; name = "Pods-Parstagram.debug.xcconfig"; path = "Target Support Files/Pods-Parstagram/Pods-Parstagram.debug.xcconfig"; sourceTree = "<group>"; };
		10773C527D8056437A313F65 /* Pods_Parstagram.framework */ = {isa = PBXFileReference; explicitFileType = wrapper.framework; includeInIndex = 0; path = Pods_Parstagram.framework; sourceTree = BUILT_PRODUCTS_DIR; };
		333D9359D06747ADBE7FBA52 /* Pods-Parstagram.release.xcconfig */ = {isa = PBXFileReference; includeInIndex = 1; lastKnownFileType = text.xcconfig; name = "Pods-Parstagram.release.xcconfig"; path = "Target Support Files/Pods-Parstagram/Pods-Parstagram.release.xcconfig"; sourceTree = "<group>"; };
		47AA536DFE36D2A851A190B4 /* Pods-Parstagram-ParstagramUITests.release.xcconfig */ = {isa = PBXFileReference; includeInIndex = 1; lastKnownFileType = text.xcconfig; name = "Pods-Parstagram-ParstagramUITests.release.xcconfig"; path = "Target Support Files/Pods-Parstagram-ParstagramUITests/Pods-Parstagram-ParstagramUITests.release.xcconfig"; sourceTree = "<group>"; };
		5E1C6900B839DAC9038DC3B0 /* Pods-ParstagramTests.debug.xcconfig */ = {isa = PBXFileReference; includeInIndex = 1; lastKnownFileType = text.xcconfig; name = "Pods-ParstagramTests.debug.xcconfig"; path = "Target Support Files/Pods-ParstagramTests/Pods-ParstagramTests.debug.xcconfig"; sourceTree = "<group>"; };
		6A736A0426059E1C00931B4F /* PostCell.swift */ = {isa = PBXFileReference; lastKnownFileType = sourcecode.swift; path = PostCell.swift; sourceTree = "<group>"; };
		6AD8C894260432CF003F9050 /* Parstagram.app */ = {isa = PBXFileReference; explicitFileType = wrapper.application; includeInIndex = 0; path = Parstagram.app; sourceTree = BUILT_PRODUCTS_DIR; };
		6AD8C897260432CF003F9050 /* AppDelegate.swift */ = {isa = PBXFileReference; lastKnownFileType = sourcecode.swift; path = AppDelegate.swift; sourceTree = "<group>"; };
		6AD8C899260432CF003F9050 /* SceneDelegate.swift */ = {isa = PBXFileReference; lastKnownFileType = sourcecode.swift; path = SceneDelegate.swift; sourceTree = "<group>"; };
		6AD8C89E260432CF003F9050 /* Base */ = {isa = PBXFileReference; lastKnownFileType = file.storyboard; name = Base; path = Base.lproj/Main.storyboard; sourceTree = "<group>"; };
		6AD8C8A0260432D5003F9050 /* Assets.xcassets */ = {isa = PBXFileReference; lastKnownFileType = folder.assetcatalog; path = Assets.xcassets; sourceTree = "<group>"; };
		6AD8C8A3260432D5003F9050 /* Base */ = {isa = PBXFileReference; lastKnownFileType = file.storyboard; name = Base; path = Base.lproj/LaunchScreen.storyboard; sourceTree = "<group>"; };
		6AD8C8A5260432D5003F9050 /* Info.plist */ = {isa = PBXFileReference; lastKnownFileType = text.plist.xml; path = Info.plist; sourceTree = "<group>"; };
		6AD8C8AA260432D6003F9050 /* ParstagramTests.xctest */ = {isa = PBXFileReference; explicitFileType = wrapper.cfbundle; includeInIndex = 0; path = ParstagramTests.xctest; sourceTree = BUILT_PRODUCTS_DIR; };
		6AD8C8AE260432D6003F9050 /* ParstagramTests.swift */ = {isa = PBXFileReference; lastKnownFileType = sourcecode.swift; path = ParstagramTests.swift; sourceTree = "<group>"; };
		6AD8C8B0260432D6003F9050 /* Info.plist */ = {isa = PBXFileReference; lastKnownFileType = text.plist.xml; path = Info.plist; sourceTree = "<group>"; };
		6AD8C8B5260432D6003F9050 /* ParstagramUITests.xctest */ = {isa = PBXFileReference; explicitFileType = wrapper.cfbundle; includeInIndex = 0; path = ParstagramUITests.xctest; sourceTree = BUILT_PRODUCTS_DIR; };
		6AD8C8B9260432D6003F9050 /* ParstagramUITests.swift */ = {isa = PBXFileReference; lastKnownFileType = sourcecode.swift; path = ParstagramUITests.swift; sourceTree = "<group>"; };
		6AD8C8BB260432D6003F9050 /* Info.plist */ = {isa = PBXFileReference; lastKnownFileType = text.plist.xml; path = Info.plist; sourceTree = "<group>"; };
		6AD8C8D926043535003F9050 /* LoginViewController.swift */ = {isa = PBXFileReference; lastKnownFileType = sourcecode.swift; path = LoginViewController.swift; sourceTree = "<group>"; };
		6AD8C8DE26043540003F9050 /* FeedViewController.swift */ = {isa = PBXFileReference; lastKnownFileType = sourcecode.swift; path = FeedViewController.swift; sourceTree = "<group>"; };
		6AD8C8E32605013B003F9050 /* CameraViewController.swift */ = {isa = PBXFileReference; lastKnownFileType = sourcecode.swift; path = CameraViewController.swift; sourceTree = "<group>"; };
		6AF339EC2612B89400527725 /* CommentCell.swift */ = {isa = PBXFileReference; lastKnownFileType = sourcecode.swift; path = CommentCell.swift; sourceTree = "<group>"; };
		E8DBBB5B830539FA6746696E /* Pods_Parstagram_ParstagramUITests.framework */ = {isa = PBXFileReference; explicitFileType = wrapper.framework; includeInIndex = 0; path = Pods_Parstagram_ParstagramUITests.framework; sourceTree = BUILT_PRODUCTS_DIR; };
		FEDC08EC75C2928FAEE29080 /* Pods_ParstagramTests.framework */ = {isa = PBXFileReference; explicitFileType = wrapper.framework; includeInIndex = 0; path = Pods_ParstagramTests.framework; sourceTree = BUILT_PRODUCTS_DIR; };
		FFEFD404370FDF435B504265 /* Pods-ParstagramTests.release.xcconfig */ = {isa = PBXFileReference; includeInIndex = 1; lastKnownFileType = text.xcconfig; name = "Pods-ParstagramTests.release.xcconfig"; path = "Target Support Files/Pods-ParstagramTests/Pods-ParstagramTests.release.xcconfig"; sourceTree = "<group>"; };
/* End PBXFileReference section */

/* Begin PBXFrameworksBuildPhase section */
		6AD8C891260432CF003F9050 /* Frameworks */ = {
			isa = PBXFrameworksBuildPhase;
			buildActionMask = 2147483647;
			files = (
				4671E1EA437E8E0135AA653D /* Pods_Parstagram.framework in Frameworks */,
			);
			runOnlyForDeploymentPostprocessing = 0;
		};
		6AD8C8A7260432D6003F9050 /* Frameworks */ = {
			isa = PBXFrameworksBuildPhase;
			buildActionMask = 2147483647;
			files = (
				668BACB693F8562F9982BC37 /* Pods_ParstagramTests.framework in Frameworks */,
			);
			runOnlyForDeploymentPostprocessing = 0;
		};
		6AD8C8B2260432D6003F9050 /* Frameworks */ = {
			isa = PBXFrameworksBuildPhase;
			buildActionMask = 2147483647;
			files = (
				BC6BB1EBA8E7FAD831823E78 /* Pods_Parstagram_ParstagramUITests.framework in Frameworks */,
			);
			runOnlyForDeploymentPostprocessing = 0;
		};
/* End PBXFrameworksBuildPhase section */

/* Begin PBXGroup section */
		522573F0D607A16EF41B9F21 /* Frameworks */ = {
			isa = PBXGroup;
			children = (
				10773C527D8056437A313F65 /* Pods_Parstagram.framework */,
				E8DBBB5B830539FA6746696E /* Pods_Parstagram_ParstagramUITests.framework */,
				FEDC08EC75C2928FAEE29080 /* Pods_ParstagramTests.framework */,
			);
			name = Frameworks;
			sourceTree = "<group>";
		};
		66A6C94D825DA79E755538EA /* Pods */ = {
			isa = PBXGroup;
			children = (
				0ADA8C5A9FABC227205CA4FE /* Pods-Parstagram.debug.xcconfig */,
				333D9359D06747ADBE7FBA52 /* Pods-Parstagram.release.xcconfig */,
				0585521EAB372A7903BC974F /* Pods-Parstagram-ParstagramUITests.debug.xcconfig */,
				47AA536DFE36D2A851A190B4 /* Pods-Parstagram-ParstagramUITests.release.xcconfig */,
				5E1C6900B839DAC9038DC3B0 /* Pods-ParstagramTests.debug.xcconfig */,
				FFEFD404370FDF435B504265 /* Pods-ParstagramTests.release.xcconfig */,
			);
			path = Pods;
			sourceTree = "<group>";
		};
		6AD8C88B260432CF003F9050 = {
			isa = PBXGroup;
			children = (
				6AD8C896260432CF003F9050 /* Parstagram */,
				6AD8C8AD260432D6003F9050 /* ParstagramTests */,
				6AD8C8B8260432D6003F9050 /* ParstagramUITests */,
				6AD8C895260432CF003F9050 /* Products */,
				66A6C94D825DA79E755538EA /* Pods */,
				522573F0D607A16EF41B9F21 /* Frameworks */,
			);
			sourceTree = "<group>";
		};
		6AD8C895260432CF003F9050 /* Products */ = {
			isa = PBXGroup;
			children = (
				6AD8C894260432CF003F9050 /* Parstagram.app */,
				6AD8C8AA260432D6003F9050 /* ParstagramTests.xctest */,
				6AD8C8B5260432D6003F9050 /* ParstagramUITests.xctest */,
			);
			name = Products;
			sourceTree = "<group>";
		};
		6AD8C896260432CF003F9050 /* Parstagram */ = {
			isa = PBXGroup;
			children = (
				6AD8C897260432CF003F9050 /* AppDelegate.swift */,
				6AD8C899260432CF003F9050 /* SceneDelegate.swift */,
				6AD8C89D260432CF003F9050 /* Main.storyboard */,
				6AD8C8A0260432D5003F9050 /* Assets.xcassets */,
				6AD8C8A2260432D5003F9050 /* LaunchScreen.storyboard */,
				6AD8C8A5260432D5003F9050 /* Info.plist */,
				6AD8C8D926043535003F9050 /* LoginViewController.swift */,
				6AD8C8DE26043540003F9050 /* FeedViewController.swift */,
				6AD8C8E32605013B003F9050 /* CameraViewController.swift */,
				6A736A0426059E1C00931B4F /* PostCell.swift */,
				6AF339EC2612B89400527725 /* CommentCell.swift */,
			);
			path = Parstagram;
			sourceTree = "<group>";
		};
		6AD8C8AD260432D6003F9050 /* ParstagramTests */ = {
			isa = PBXGroup;
			children = (
				6AD8C8AE260432D6003F9050 /* ParstagramTests.swift */,
				6AD8C8B0260432D6003F9050 /* Info.plist */,
			);
			path = ParstagramTests;
			sourceTree = "<group>";
		};
		6AD8C8B8260432D6003F9050 /* ParstagramUITests */ = {
			isa = PBXGroup;
			children = (
				6AD8C8B9260432D6003F9050 /* ParstagramUITests.swift */,
				6AD8C8BB260432D6003F9050 /* Info.plist */,
			);
			path = ParstagramUITests;
			sourceTree = "<group>";
		};
/* End PBXGroup section */

/* Begin PBXNativeTarget section */
		6AD8C893260432CF003F9050 /* Parstagram */ = {
			isa = PBXNativeTarget;
			buildConfigurationList = 6AD8C8BE260432D6003F9050 /* Build configuration list for PBXNativeTarget "Parstagram" */;
			buildPhases = (
				74730C2692BCFBAEEC48F84D /* [CP] Check Pods Manifest.lock */,
				6AD8C890260432CF003F9050 /* Sources */,
				6AD8C891260432CF003F9050 /* Frameworks */,
				6AD8C892260432CF003F9050 /* Resources */,
				5A8D1080057A4461E4FFB6DF /* [CP] Embed Pods Frameworks */,
			);
			buildRules = (
			);
			dependencies = (
			);
			name = Parstagram;
			productName = Parstagram;
			productReference = 6AD8C894260432CF003F9050 /* Parstagram.app */;
			productType = "com.apple.product-type.application";
		};
		6AD8C8A9260432D6003F9050 /* ParstagramTests */ = {
			isa = PBXNativeTarget;
			buildConfigurationList = 6AD8C8C1260432D6003F9050 /* Build configuration list for PBXNativeTarget "ParstagramTests" */;
			buildPhases = (
				63C85083D18E562F953E9EDA /* [CP] Check Pods Manifest.lock */,
				6AD8C8A6260432D6003F9050 /* Sources */,
				6AD8C8A7260432D6003F9050 /* Frameworks */,
				6AD8C8A8260432D6003F9050 /* Resources */,
			);
			buildRules = (
			);
			dependencies = (
				6AD8C8AC260432D6003F9050 /* PBXTargetDependency */,
			);
			name = ParstagramTests;
			productName = ParstagramTests;
			productReference = 6AD8C8AA260432D6003F9050 /* ParstagramTests.xctest */;
			productType = "com.apple.product-type.bundle.unit-test";
		};
		6AD8C8B4260432D6003F9050 /* ParstagramUITests */ = {
			isa = PBXNativeTarget;
			buildConfigurationList = 6AD8C8C4260432D6003F9050 /* Build configuration list for PBXNativeTarget "ParstagramUITests" */;
			buildPhases = (
				F12EF33E07B0B3B42E373505 /* [CP] Check Pods Manifest.lock */,
				6AD8C8B1260432D6003F9050 /* Sources */,
				6AD8C8B2260432D6003F9050 /* Frameworks */,
				6AD8C8B3260432D6003F9050 /* Resources */,
				551F6CAE41192F32E69622DF /* [CP] Embed Pods Frameworks */,
			);
			buildRules = (
			);
			dependencies = (
				6AD8C8B7260432D6003F9050 /* PBXTargetDependency */,
			);
			name = ParstagramUITests;
			productName = ParstagramUITests;
			productReference = 6AD8C8B5260432D6003F9050 /* ParstagramUITests.xctest */;
			productType = "com.apple.product-type.bundle.ui-testing";
		};
/* End PBXNativeTarget section */

/* Begin PBXProject section */
		6AD8C88C260432CF003F9050 /* Project object */ = {
			isa = PBXProject;
			attributes = {
				LastSwiftUpdateCheck = 1240;
				LastUpgradeCheck = 1240;
				TargetAttributes = {
					6AD8C893260432CF003F9050 = {
						CreatedOnToolsVersion = 12.4;
					};
					6AD8C8A9260432D6003F9050 = {
						CreatedOnToolsVersion = 12.4;
						TestTargetID = 6AD8C893260432CF003F9050;
					};
					6AD8C8B4260432D6003F9050 = {
						CreatedOnToolsVersion = 12.4;
						TestTargetID = 6AD8C893260432CF003F9050;
					};
				};
			};
			buildConfigurationList = 6AD8C88F260432CF003F9050 /* Build configuration list for PBXProject "Parstagram" */;
			compatibilityVersion = "Xcode 9.3";
			developmentRegion = en;
			hasScannedForEncodings = 0;
			knownRegions = (
				en,
				Base,
			);
			mainGroup = 6AD8C88B260432CF003F9050;
			productRefGroup = 6AD8C895260432CF003F9050 /* Products */;
			projectDirPath = "";
			projectRoot = "";
			targets = (
				6AD8C893260432CF003F9050 /* Parstagram */,
				6AD8C8A9260432D6003F9050 /* ParstagramTests */,
				6AD8C8B4260432D6003F9050 /* ParstagramUITests */,
			);
		};
/* End PBXProject section */

/* Begin PBXResourcesBuildPhase section */
		6AD8C892260432CF003F9050 /* Resources */ = {
			isa = PBXResourcesBuildPhase;
			buildActionMask = 2147483647;
			files = (
				6AD8C8A4260432D5003F9050 /* LaunchScreen.storyboard in Resources */,
				6AD8C8A1260432D5003F9050 /* Assets.xcassets in Resources */,
				6AD8C89F260432CF003F9050 /* Main.storyboard in Resources */,
			);
			runOnlyForDeploymentPostprocessing = 0;
		};
		6AD8C8A8260432D6003F9050 /* Resources */ = {
			isa = PBXResourcesBuildPhase;
			buildActionMask = 2147483647;
			files = (
			);
			runOnlyForDeploymentPostprocessing = 0;
		};
		6AD8C8B3260432D6003F9050 /* Resources */ = {
			isa = PBXResourcesBuildPhase;
			buildActionMask = 2147483647;
			files = (
			);
			runOnlyForDeploymentPostprocessing = 0;
		};
/* End PBXResourcesBuildPhase section */

/* Begin PBXShellScriptBuildPhase section */
		551F6CAE41192F32E69622DF /* [CP] Embed Pods Frameworks */ = {
			isa = PBXShellScriptBuildPhase;
			buildActionMask = 2147483647;
			files = (
			);
			inputFileListPaths = (
				"${PODS_ROOT}/Target Support Files/Pods-Parstagram-ParstagramUITests/Pods-Parstagram-ParstagramUITests-frameworks-${CONFIGURATION}-input-files.xcfilelist",
			);
			name = "[CP] Embed Pods Frameworks";
			outputFileListPaths = (
				"${PODS_ROOT}/Target Support Files/Pods-Parstagram-ParstagramUITests/Pods-Parstagram-ParstagramUITests-frameworks-${CONFIGURATION}-output-files.xcfilelist",
			);
			runOnlyForDeploymentPostprocessing = 0;
			shellPath = /bin/sh;
			shellScript = "\"${PODS_ROOT}/Target Support Files/Pods-Parstagram-ParstagramUITests/Pods-Parstagram-ParstagramUITests-frameworks.sh\"\n";
			showEnvVarsInLog = 0;
		};
		5A8D1080057A4461E4FFB6DF /* [CP] Embed Pods Frameworks */ = {
			isa = PBXShellScriptBuildPhase;
			buildActionMask = 2147483647;
			files = (
			);
			inputFileListPaths = (
				"${PODS_ROOT}/Target Support Files/Pods-Parstagram/Pods-Parstagram-frameworks-${CONFIGURATION}-input-files.xcfilelist",
			);
			name = "[CP] Embed Pods Frameworks";
			outputFileListPaths = (
				"${PODS_ROOT}/Target Support Files/Pods-Parstagram/Pods-Parstagram-frameworks-${CONFIGURATION}-output-files.xcfilelist",
			);
			runOnlyForDeploymentPostprocessing = 0;
			shellPath = /bin/sh;
			shellScript = "\"${PODS_ROOT}/Target Support Files/Pods-Parstagram/Pods-Parstagram-frameworks.sh\"\n";
			showEnvVarsInLog = 0;
		};
		63C85083D18E562F953E9EDA /* [CP] Check Pods Manifest.lock */ = {
			isa = PBXShellScriptBuildPhase;
			buildActionMask = 2147483647;
			files = (
			);
			inputFileListPaths = (
			);
			inputPaths = (
				"${PODS_PODFILE_DIR_PATH}/Podfile.lock",
				"${PODS_ROOT}/Manifest.lock",
			);
			name = "[CP] Check Pods Manifest.lock";
			outputFileListPaths = (
			);
			outputPaths = (
				"$(DERIVED_FILE_DIR)/Pods-ParstagramTests-checkManifestLockResult.txt",
			);
			runOnlyForDeploymentPostprocessing = 0;
			shellPath = /bin/sh;
			shellScript = "diff \"${PODS_PODFILE_DIR_PATH}/Podfile.lock\" \"${PODS_ROOT}/Manifest.lock\" > /dev/null\nif [ $? != 0 ] ; then\n    # print error to STDERR\n    echo \"error: The sandbox is not in sync with the Podfile.lock. Run 'pod install' or update your CocoaPods installation.\" >&2\n    exit 1\nfi\n# This output is used by Xcode 'outputs' to avoid re-running this script phase.\necho \"SUCCESS\" > \"${SCRIPT_OUTPUT_FILE_0}\"\n";
			showEnvVarsInLog = 0;
		};
		74730C2692BCFBAEEC48F84D /* [CP] Check Pods Manifest.lock */ = {
			isa = PBXShellScriptBuildPhase;
			buildActionMask = 2147483647;
			files = (
			);
			inputFileListPaths = (
			);
			inputPaths = (
				"${PODS_PODFILE_DIR_PATH}/Podfile.lock",
				"${PODS_ROOT}/Manifest.lock",
			);
			name = "[CP] Check Pods Manifest.lock";
			outputFileListPaths = (
			);
			outputPaths = (
				"$(DERIVED_FILE_DIR)/Pods-Parstagram-checkManifestLockResult.txt",
			);
			runOnlyForDeploymentPostprocessing = 0;
			shellPath = /bin/sh;
			shellScript = "diff \"${PODS_PODFILE_DIR_PATH}/Podfile.lock\" \"${PODS_ROOT}/Manifest.lock\" > /dev/null\nif [ $? != 0 ] ; then\n    # print error to STDERR\n    echo \"error: The sandbox is not in sync with the Podfile.lock. Run 'pod install' or update your CocoaPods installation.\" >&2\n    exit 1\nfi\n# This output is used by Xcode 'outputs' to avoid re-running this script phase.\necho \"SUCCESS\" > \"${SCRIPT_OUTPUT_FILE_0}\"\n";
			showEnvVarsInLog = 0;
		};
		F12EF33E07B0B3B42E373505 /* [CP] Check Pods Manifest.lock */ = {
			isa = PBXShellScriptBuildPhase;
			buildActionMask = 2147483647;
			files = (
			);
			inputFileListPaths = (
			);
			inputPaths = (
				"${PODS_PODFILE_DIR_PATH}/Podfile.lock",
				"${PODS_ROOT}/Manifest.lock",
			);
			name = "[CP] Check Pods Manifest.lock";
			outputFileListPaths = (
			);
			outputPaths = (
				"$(DERIVED_FILE_DIR)/Pods-Parstagram-ParstagramUITests-checkManifestLockResult.txt",
			);
			runOnlyForDeploymentPostprocessing = 0;
			shellPath = /bin/sh;
			shellScript = "diff \"${PODS_PODFILE_DIR_PATH}/Podfile.lock\" \"${PODS_ROOT}/Manifest.lock\" > /dev/null\nif [ $? != 0 ] ; then\n    # print error to STDERR\n    echo \"error: The sandbox is not in sync with the Podfile.lock. Run 'pod install' or update your CocoaPods installation.\" >&2\n    exit 1\nfi\n# This output is used by Xcode 'outputs' to avoid re-running this script phase.\necho \"SUCCESS\" > \"${SCRIPT_OUTPUT_FILE_0}\"\n";
			showEnvVarsInLog = 0;
		};
/* End PBXShellScriptBuildPhase section */

/* Begin PBXSourcesBuildPhase section */
		6AD8C890260432CF003F9050 /* Sources */ = {
			isa = PBXSourcesBuildPhase;
			buildActionMask = 2147483647;
			files = (
				6AD8C8DA26043535003F9050 /* LoginViewController.swift in Sources */,
				6AD8C8E42605013B003F9050 /* CameraViewController.swift in Sources */,
				6AD8C898260432CF003F9050 /* AppDelegate.swift in Sources */,
				6AD8C8DF26043540003F9050 /* FeedViewController.swift in Sources */,
				6AD8C89A260432CF003F9050 /* SceneDelegate.swift in Sources */,
				6A736A0526059E1C00931B4F /* PostCell.swift in Sources */,
				6AF339ED2612B89400527725 /* CommentCell.swift in Sources */,
			);
			runOnlyForDeploymentPostprocessing = 0;
		};
		6AD8C8A6260432D6003F9050 /* Sources */ = {
			isa = PBXSourcesBuildPhase;
			buildActionMask = 2147483647;
			files = (
				6AD8C8AF260432D6003F9050 /* ParstagramTests.swift in Sources */,
			);
			runOnlyForDeploymentPostprocessing = 0;
		};
		6AD8C8B1260432D6003F9050 /* Sources */ = {
			isa = PBXSourcesBuildPhase;
			buildActionMask = 2147483647;
			files = (
				6AD8C8BA260432D6003F9050 /* ParstagramUITests.swift in Sources */,
			);
			runOnlyForDeploymentPostprocessing = 0;
		};
/* End PBXSourcesBuildPhase section */

/* Begin PBXTargetDependency section */
		6AD8C8AC260432D6003F9050 /* PBXTargetDependency */ = {
			isa = PBXTargetDependency;
			target = 6AD8C893260432CF003F9050 /* Parstagram */;
			targetProxy = 6AD8C8AB260432D6003F9050 /* PBXContainerItemProxy */;
		};
		6AD8C8B7260432D6003F9050 /* PBXTargetDependency */ = {
			isa = PBXTargetDependency;
			target = 6AD8C893260432CF003F9050 /* Parstagram */;
			targetProxy = 6AD8C8B6260432D6003F9050 /* PBXContainerItemProxy */;
		};
/* End PBXTargetDependency section */

/* Begin PBXVariantGroup section */
		6AD8C89D260432CF003F9050 /* Main.storyboard */ = {
			isa = PBXVariantGroup;
			children = (
				6AD8C89E260432CF003F9050 /* Base */,
			);
			name = Main.storyboard;
			sourceTree = "<group>";
		};
		6AD8C8A2260432D5003F9050 /* LaunchScreen.storyboard */ = {
			isa = PBXVariantGroup;
			children = (
				6AD8C8A3260432D5003F9050 /* Base */,
			);
			name = LaunchScreen.storyboard;
			sourceTree = "<group>";
		};
/* End PBXVariantGroup section */

/* Begin XCBuildConfiguration section */
		6AD8C8BC260432D6003F9050 /* Debug */ = {
			isa = XCBuildConfiguration;
			buildSettings = {
				ALWAYS_SEARCH_USER_PATHS = NO;
				CLANG_ANALYZER_NONNULL = YES;
				CLANG_ANALYZER_NUMBER_OBJECT_CONVERSION = YES_AGGRESSIVE;
				CLANG_CXX_LANGUAGE_STANDARD = "gnu++14";
				CLANG_CXX_LIBRARY = "libc++";
				CLANG_ENABLE_MODULES = YES;
				CLANG_ENABLE_OBJC_ARC = YES;
				CLANG_ENABLE_OBJC_WEAK = YES;
				CLANG_WARN_BLOCK_CAPTURE_AUTORELEASING = YES;
				CLANG_WARN_BOOL_CONVERSION = YES;
				CLANG_WARN_COMMA = YES;
				CLANG_WARN_CONSTANT_CONVERSION = YES;
				CLANG_WARN_DEPRECATED_OBJC_IMPLEMENTATIONS = YES;
				CLANG_WARN_DIRECT_OBJC_ISA_USAGE = YES_ERROR;
				CLANG_WARN_DOCUMENTATION_COMMENTS = YES;
				CLANG_WARN_EMPTY_BODY = YES;
				CLANG_WARN_ENUM_CONVERSION = YES;
				CLANG_WARN_INFINITE_RECURSION = YES;
				CLANG_WARN_INT_CONVERSION = YES;
				CLANG_WARN_NON_LITERAL_NULL_CONVERSION = YES;
				CLANG_WARN_OBJC_IMPLICIT_RETAIN_SELF = YES;
				CLANG_WARN_OBJC_LITERAL_CONVERSION = YES;
				CLANG_WARN_OBJC_ROOT_CLASS = YES_ERROR;
				CLANG_WARN_QUOTED_INCLUDE_IN_FRAMEWORK_HEADER = YES;
				CLANG_WARN_RANGE_LOOP_ANALYSIS = YES;
				CLANG_WARN_STRICT_PROTOTYPES = YES;
				CLANG_WARN_SUSPICIOUS_MOVE = YES;
				CLANG_WARN_UNGUARDED_AVAILABILITY = YES_AGGRESSIVE;
				CLANG_WARN_UNREACHABLE_CODE = YES;
				CLANG_WARN__DUPLICATE_METHOD_MATCH = YES;
				COPY_PHASE_STRIP = NO;
				DEBUG_INFORMATION_FORMAT = dwarf;
				ENABLE_STRICT_OBJC_MSGSEND = YES;
				ENABLE_TESTABILITY = YES;
				GCC_C_LANGUAGE_STANDARD = gnu11;
				GCC_DYNAMIC_NO_PIC = NO;
				GCC_NO_COMMON_BLOCKS = YES;
				GCC_OPTIMIZATION_LEVEL = 0;
				GCC_PREPROCESSOR_DEFINITIONS = (
					"DEBUG=1",
					"$(inherited)",
				);
				GCC_WARN_64_TO_32_BIT_CONVERSION = YES;
				GCC_WARN_ABOUT_RETURN_TYPE = YES_ERROR;
				GCC_WARN_UNDECLARED_SELECTOR = YES;
				GCC_WARN_UNINITIALIZED_AUTOS = YES_AGGRESSIVE;
				GCC_WARN_UNUSED_FUNCTION = YES;
				GCC_WARN_UNUSED_VARIABLE = YES;
				IPHONEOS_DEPLOYMENT_TARGET = 14.4;
				MTL_ENABLE_DEBUG_INFO = INCLUDE_SOURCE;
				MTL_FAST_MATH = YES;
				ONLY_ACTIVE_ARCH = YES;
				SDKROOT = iphoneos;
				SWIFT_ACTIVE_COMPILATION_CONDITIONS = DEBUG;
				SWIFT_OPTIMIZATION_LEVEL = "-Onone";
			};
			name = Debug;
		};
		6AD8C8BD260432D6003F9050 /* Release */ = {
			isa = XCBuildConfiguration;
			buildSettings = {
				ALWAYS_SEARCH_USER_PATHS = NO;
				CLANG_ANALYZER_NONNULL = YES;
				CLANG_ANALYZER_NUMBER_OBJECT_CONVERSION = YES_AGGRESSIVE;
				CLANG_CXX_LANGUAGE_STANDARD = "gnu++14";
				CLANG_CXX_LIBRARY = "libc++";
				CLANG_ENABLE_MODULES = YES;
				CLANG_ENABLE_OBJC_ARC = YES;
				CLANG_ENABLE_OBJC_WEAK = YES;
				CLANG_WARN_BLOCK_CAPTURE_AUTORELEASING = YES;
				CLANG_WARN_BOOL_CONVERSION = YES;
				CLANG_WARN_COMMA = YES;
				CLANG_WARN_CONSTANT_CONVERSION = YES;
				CLANG_WARN_DEPRECATED_OBJC_IMPLEMENTATIONS = YES;
				CLANG_WARN_DIRECT_OBJC_ISA_USAGE = YES_ERROR;
				CLANG_WARN_DOCUMENTATION_COMMENTS = YES;
				CLANG_WARN_EMPTY_BODY = YES;
				CLANG_WARN_ENUM_CONVERSION = YES;
				CLANG_WARN_INFINITE_RECURSION = YES;
				CLANG_WARN_INT_CONVERSION = YES;
				CLANG_WARN_NON_LITERAL_NULL_CONVERSION = YES;
				CLANG_WARN_OBJC_IMPLICIT_RETAIN_SELF = YES;
				CLANG_WARN_OBJC_LITERAL_CONVERSION = YES;
				CLANG_WARN_OBJC_ROOT_CLASS = YES_ERROR;
				CLANG_WARN_QUOTED_INCLUDE_IN_FRAMEWORK_HEADER = YES;
				CLANG_WARN_RANGE_LOOP_ANALYSIS = YES;
				CLANG_WARN_STRICT_PROTOTYPES = YES;
				CLANG_WARN_SUSPICIOUS_MOVE = YES;
				CLANG_WARN_UNGUARDED_AVAILABILITY = YES_AGGRESSIVE;
				CLANG_WARN_UNREACHABLE_CODE = YES;
				CLANG_WARN__DUPLICATE_METHOD_MATCH = YES;
				COPY_PHASE_STRIP = NO;
				DEBUG_INFORMATION_FORMAT = "dwarf-with-dsym";
				ENABLE_NS_ASSERTIONS = NO;
				ENABLE_STRICT_OBJC_MSGSEND = YES;
				GCC_C_LANGUAGE_STANDARD = gnu11;
				GCC_NO_COMMON_BLOCKS = YES;
				GCC_WARN_64_TO_32_BIT_CONVERSION = YES;
				GCC_WARN_ABOUT_RETURN_TYPE = YES_ERROR;
				GCC_WARN_UNDECLARED_SELECTOR = YES;
				GCC_WARN_UNINITIALIZED_AUTOS = YES_AGGRESSIVE;
				GCC_WARN_UNUSED_FUNCTION = YES;
				GCC_WARN_UNUSED_VARIABLE = YES;
				IPHONEOS_DEPLOYMENT_TARGET = 14.4;
				MTL_ENABLE_DEBUG_INFO = NO;
				MTL_FAST_MATH = YES;
				SDKROOT = iphoneos;
				SWIFT_COMPILATION_MODE = wholemodule;
				SWIFT_OPTIMIZATION_LEVEL = "-O";
				VALIDATE_PRODUCT = YES;
			};
			name = Release;
		};
		6AD8C8BF260432D6003F9050 /* Debug */ = {
			isa = XCBuildConfiguration;
			baseConfigurationReference = 0ADA8C5A9FABC227205CA4FE /* Pods-Parstagram.debug.xcconfig */;
			buildSettings = {
				ASSETCATALOG_COMPILER_APPICON_NAME = AppIcon;
				ASSETCATALOG_COMPILER_GLOBAL_ACCENT_COLOR_NAME = AccentColor;
				CODE_SIGN_STYLE = Automatic;
				DEVELOPMENT_TEAM = PV75JJV246;
				INFOPLIST_FILE = Parstagram/Info.plist;
				LD_RUNPATH_SEARCH_PATHS = (
					"$(inherited)",
					"@executable_path/Frameworks",
				);
				PRODUCT_BUNDLE_IDENTIFIER = "niveda4-hotmail.com.Parstagram";
				PRODUCT_NAME = "$(TARGET_NAME)";
				SWIFT_VERSION = 5.0;
				TARGETED_DEVICE_FAMILY = "1,2";
			};
			name = Debug;
		};
		6AD8C8C0260432D6003F9050 /* Release */ = {
			isa = XCBuildConfiguration;
			baseConfigurationReference = 333D9359D06747ADBE7FBA52 /* Pods-Parstagram.release.xcconfig */;
			buildSettings = {
				ASSETCATALOG_COMPILER_APPICON_NAME = AppIcon;
				ASSETCATALOG_COMPILER_GLOBAL_ACCENT_COLOR_NAME = AccentColor;
				CODE_SIGN_STYLE = Automatic;
				DEVELOPMENT_TEAM = PV75JJV246;
				INFOPLIST_FILE = Parstagram/Info.plist;
				LD_RUNPATH_SEARCH_PATHS = (
					"$(inherited)",
					"@executable_path/Frameworks",
				);
				PRODUCT_BUNDLE_IDENTIFIER = "niveda4-hotmail.com.Parstagram";
				PRODUCT_NAME = "$(TARGET_NAME)";
				SWIFT_VERSION = 5.0;
				TARGETED_DEVICE_FAMILY = "1,2";
			};
			name = Release;
		};
		6AD8C8C2260432D6003F9050 /* Debug */ = {
			isa = XCBuildConfiguration;
			baseConfigurationReference = 5E1C6900B839DAC9038DC3B0 /* Pods-ParstagramTests.debug.xcconfig */;
			buildSettings = {
				ALWAYS_EMBED_SWIFT_STANDARD_LIBRARIES = YES;
				BUNDLE_LOADER = "$(TEST_HOST)";
				CODE_SIGN_STYLE = Automatic;
				DEVELOPMENT_TEAM = PV75JJV246;
				INFOPLIST_FILE = ParstagramTests/Info.plist;
				IPHONEOS_DEPLOYMENT_TARGET = 14.4;
				LD_RUNPATH_SEARCH_PATHS = (
					"$(inherited)",
					"@executable_path/Frameworks",
					"@loader_path/Frameworks",
				);
				PRODUCT_BUNDLE_IDENTIFIER = "niveda4-hotmail.com.ParstagramTests";
				PRODUCT_NAME = "$(TARGET_NAME)";
				SWIFT_VERSION = 5.0;
				TARGETED_DEVICE_FAMILY = "1,2";
				TEST_HOST = "$(BUILT_PRODUCTS_DIR)/Parstagram.app/Parstagram";
			};
			name = Debug;
		};
		6AD8C8C3260432D6003F9050 /* Release */ = {
			isa = XCBuildConfiguration;
			baseConfigurationReference = FFEFD404370FDF435B504265 /* Pods-ParstagramTests.release.xcconfig */;
			buildSettings = {
				ALWAYS_EMBED_SWIFT_STANDARD_LIBRARIES = YES;
				BUNDLE_LOADER = "$(TEST_HOST)";
				CODE_SIGN_STYLE = Automatic;
				DEVELOPMENT_TEAM = PV75JJV246;
				INFOPLIST_FILE = ParstagramTests/Info.plist;
				IPHONEOS_DEPLOYMENT_TARGET = 14.4;
				LD_RUNPATH_SEARCH_PATHS = (
					"$(inherited)",
					"@executable_path/Frameworks",
					"@loader_path/Frameworks",
				);
				PRODUCT_BUNDLE_IDENTIFIER = "niveda4-hotmail.com.ParstagramTests";
				PRODUCT_NAME = "$(TARGET_NAME)";
				SWIFT_VERSION = 5.0;
				TARGETED_DEVICE_FAMILY = "1,2";
				TEST_HOST = "$(BUILT_PRODUCTS_DIR)/Parstagram.app/Parstagram";
			};
			name = Release;
		};
		6AD8C8C5260432D6003F9050 /* Debug */ = {
			isa = XCBuildConfiguration;
			baseConfigurationReference = 0585521EAB372A7903BC974F /* Pods-Parstagram-ParstagramUITests.debug.xcconfig */;
			buildSettings = {
				ALWAYS_EMBED_SWIFT_STANDARD_LIBRARIES = YES;
				CODE_SIGN_STYLE = Automatic;
				DEVELOPMENT_TEAM = PV75JJV246;
				INFOPLIST_FILE = ParstagramUITests/Info.plist;
				LD_RUNPATH_SEARCH_PATHS = (
					"$(inherited)",
					"@executable_path/Frameworks",
					"@loader_path/Frameworks",
				);
				PRODUCT_BUNDLE_IDENTIFIER = "niveda4-hotmail.com.ParstagramUITests";
				PRODUCT_NAME = "$(TARGET_NAME)";
				SWIFT_VERSION = 5.0;
				TARGETED_DEVICE_FAMILY = "1,2";
				TEST_TARGET_NAME = Parstagram;
			};
			name = Debug;
		};
		6AD8C8C6260432D6003F9050 /* Release */ = {
			isa = XCBuildConfiguration;
			baseConfigurationReference = 47AA536DFE36D2A851A190B4 /* Pods-Parstagram-ParstagramUITests.release.xcconfig */;
			buildSettings = {
				ALWAYS_EMBED_SWIFT_STANDARD_LIBRARIES = YES;
				CODE_SIGN_STYLE = Automatic;
				DEVELOPMENT_TEAM = PV75JJV246;
				INFOPLIST_FILE = ParstagramUITests/Info.plist;
				LD_RUNPATH_SEARCH_PATHS = (
					"$(inherited)",
					"@executable_path/Frameworks",
					"@loader_path/Frameworks",
				);
				PRODUCT_BUNDLE_IDENTIFIER = "niveda4-hotmail.com.ParstagramUITests";
				PRODUCT_NAME = "$(TARGET_NAME)";
				SWIFT_VERSION = 5.0;
				TARGETED_DEVICE_FAMILY = "1,2";
				TEST_TARGET_NAME = Parstagram;
			};
			name = Release;
		};
/* End XCBuildConfiguration section */

/* Begin XCConfigurationList section */
		6AD8C88F260432CF003F9050 /* Build configuration list for PBXProject "Parstagram" */ = {
			isa = XCConfigurationList;
			buildConfigurations = (
				6AD8C8BC260432D6003F9050 /* Debug */,
				6AD8C8BD260432D6003F9050 /* Release */,
			);
			defaultConfigurationIsVisible = 0;
			defaultConfigurationName = Release;
		};
		6AD8C8BE260432D6003F9050 /* Build configuration list for PBXNativeTarget "Parstagram" */ = {
			isa = XCConfigurationList;
			buildConfigurations = (
				6AD8C8BF260432D6003F9050 /* Debug */,
				6AD8C8C0260432D6003F9050 /* Release */,
			);
			defaultConfigurationIsVisible = 0;
			defaultConfigurationName = Release;
		};
		6AD8C8C1260432D6003F9050 /* Build configuration list for PBXNativeTarget "ParstagramTests" */ = {
			isa = XCConfigurationList;
			buildConfigurations = (
				6AD8C8C2260432D6003F9050 /* Debug */,
				6AD8C8C3260432D6003F9050 /* Release */,
			);
			defaultConfigurationIsVisible = 0;
			defaultConfigurationName = Release;
		};
		6AD8C8C4260432D6003F9050 /* Build configuration list for PBXNativeTarget "ParstagramUITests" */ = {
			isa = XCConfigurationList;
			buildConfigurations = (
				6AD8C8C5260432D6003F9050 /* Debug */,
				6AD8C8C6260432D6003F9050 /* Release */,
			);
			defaultConfigurationIsVisible = 0;
			defaultConfigurationName = Release;
		};
/* End XCConfigurationList section */
	};
	rootObject = 6AD8C88C260432CF003F9050 /* Project object */;
}
